
Microsoft Visual Studio Solution File, Format Version 12.00
# Visual Studio Version 16
VisualStudioVersion = 16.0.31005.135
MinimumVisualStudioVersion = 10.0.40219.1
Project("{F184B08F-C81C-45F6-A57F-5ABD9991F28F}") = "FormulariosPrueba", "FormulariosPrueba\FormulariosPrueba.vbproj", "{ADE7A895-4E51-45D0-957A-401BD8628485}"
EndProject
Global
	GlobalSection(SolutionConfigurationPlatforms) = preSolution
		Debug|Any CPU = Debug|Any CPU
		Release|Any CPU = Release|Any CPU
	EndGlobalSection
	GlobalSection(ProjectConfigurationPlatforms) = postSolution
		{ADE7A895-4E51-45D0-957A-401BD8628485}.Debug|Any CPU.ActiveCfg = Debug|Any CPU
		{ADE7A895-4E51-45D0-957A-401BD8628485}.Debug|Any CPU.Build.0 = Debug|Any CPU
		{ADE7A895-4E51-45D0-957A-401BD8628485}.Release|Any CPU.ActiveCfg = Release|Any CPU
		{ADE7A895-4E51-45D0-957A-401BD8628485}.Release|Any CPU.Build.0 = Release|Any CPU
	EndGlobalSection
	GlobalSection(SolutionProperties) = preSolution
		HideSolutionNode = FALSE
	EndGlobalSection
	GlobalSection(ExtensibilityGlobals) = postSolution
		SolutionGuid = {B4DB8FF6-DE63-4CA0-8D1D-1565B560614C}
	EndGlobalSection
EndGlobal
